
Microsoft Visual Studio Solution File, Format Version 12.00
# Visual Studio Version 17
VisualStudioVersion = 17.5.002.0
MinimumVisualStudioVersion = 10.0.40219.1
Project("{2150E333-8FDC-42A3-9474-1A3956D46DE8}") = "prepare", "prepare", "{83574E44-EBA5-4331-8278-A2A5D249EC62}"
EndProject
Project("{9A19103F-16F7-4668-BE54-9A1E7A4F7556}") = "Learning02", "prepare\Learning02\Learning02.csproj", "{2E0BFC17-084F-4A11-AEBB-16568A163216}"
EndProject
Project("{9A19103F-16F7-4668-BE54-9A1E7A4F7556}") = "Learning05", "prepare\Learning05\Learning05.csproj", "{592194E7-F10A-48F4-BF87-AE4E5C3E6F9A}"
EndProject
Project("{9A19103F-16F7-4668-BE54-9A1E7A4F7556}") = "Learning04", "prepare\Learning04\Learning04.csproj", "{F7B329C6-81E9-4AFE-8D99-5C516B30EBB6}"
EndProject
Project("{9A19103F-16F7-4668-BE54-9A1E7A4F7556}") = "Learning03", "prepare\Learning03\Learning03.csproj", "{935C20D8-E2A0-414A-8826-5FBD364B5738}"
EndProject
Project("{2150E333-8FDC-42A3-9474-1A3956D46DE8}") = "prove", "prove", "{93ECB70A-189A-4D04-BAC4-6FD40F903AD9}"
EndProject
Project("{9A19103F-16F7-4668-BE54-9A1E7A4F7556}") = "Develop03", "prove\Develop03\Develop03.csproj", "{B7FA04BD-5671-45E9-9666-031BAE9CE6F3}"
EndProject
Project("{9A19103F-16F7-4668-BE54-9A1E7A4F7556}") = "Develop04", "prove\Develop04\Develop04.csproj", "{CC4A813F-0177-47EE-A8A2-F58E16880543}"
EndProject
Project("{9A19103F-16F7-4668-BE54-9A1E7A4F7556}") = "Develop05", "prove\Develop05\Develop05.csproj", "{1AFE5F62-C348-4268-AFCE-CF70D8811BFA}"
EndProject
Project("{9A19103F-16F7-4668-BE54-9A1E7A4F7556}") = "Develop02", "prove\Develop02\Develop02.csproj", "{EE8AA736-81C2-4C22-8055-2A34BF87B9A9}"
EndProject
Project("{2150E333-8FDC-42A3-9474-1A3956D46DE8}") = "sandbox", "sandbox", "{D415E681-5155-4823-8C8F-BF4E22B0C12D}"
EndProject
Project("{9A19103F-16F7-4668-BE54-9A1E7A4F7556}") = "Sandbox", "sandbox\Sandbox\Sandbox.csproj", "{29561070-203A-4C96-9997-739C1ECFD942}"
EndProject
Project("{2150E333-8FDC-42A3-9474-1A3956D46DE8}") = "final", "final", "{9110FD3C-D341-492E-B436-2F48D7A64C3A}"
EndProject
Project("{9A19103F-16F7-4668-BE54-9A1E7A4F7556}") = "FinalProject", "final\FinalProject\FinalProject.csproj", "{7957CDF4-1814-4B76-82EB-8E5763AB1A74}"
EndProject
Project("{9A19103F-16F7-4668-BE54-9A1E7A4F7556}") = "Foundation1", "final\Foundation1\Foundation1.csproj", "{05B912E6-80EE-4918-A3B0-3DED3551D392}"
EndProject
Project("{9A19103F-16F7-4668-BE54-9A1E7A4F7556}") = "Foundation4", "final\Foundation4\Foundation4.csproj", "{07262C29-65FC-4694-86D1-FF3A373BC6C5}"
EndProject
Project("{9A19103F-16F7-4668-BE54-9A1E7A4F7556}") = "Foundation3", "final\Foundation3\Foundation3.csproj", "{7DDC778C-A8BF-44A6-A9BA-91B8D06A410E}"
EndProject
Project("{9A19103F-16F7-4668-BE54-9A1E7A4F7556}") = "Foundation2", "final\Foundation2\Foundation2.csproj", "{44CC8202-339A-415D-B282-CF191C4177DE}"
EndProject
Project("{2150E333-8FDC-42A3-9474-1A3956D46DE8}") = "csharp-prep", "csharp-prep", "{08C4F053-8747-4010-B7CE-8E6738F8D391}"
EndProject
Project("{9A19103F-16F7-4668-BE54-9A1E7A4F7556}") = "Prep1", "csharp-prep\Prep1\Prep1.csproj", "{598881E2-53AC-4A7D-B70A-7719785276E6}"
EndProject
Project("{9A19103F-16F7-4668-BE54-9A1E7A4F7556}") = "Prep5", "csharp-prep\Prep5\Prep5.csproj", "{74D4DA6F-20EE-4465-B4F8-C9B73056DF16}"
EndProject
Project("{9A19103F-16F7-4668-BE54-9A1E7A4F7556}") = "Prep2", "csharp-prep\Prep2\Prep2.csproj", "{F830D8AF-C128-4AB6-A450-165D827ADA8F}"
EndProject
Project("{9A19103F-16F7-4668-BE54-9A1E7A4F7556}") = "Prep3", "csharp-prep\Prep3\Prep3.csproj", "{8C0904C1-551A-4E81-A086-5A0692F1B507}"
EndProject
Project("{9A19103F-16F7-4668-BE54-9A1E7A4F7556}") = "Prep4", "csharp-prep\Prep4\Prep4.csproj", "{1ED85BD3-4807-4CAE-9517-E72CDDED2791}"
EndProject
Global
	GlobalSection(SolutionConfigurationPlatforms) = preSolution
		Debug|Any CPU = Debug|Any CPU
		Release|Any CPU = Release|Any CPU
	EndGlobalSection
	GlobalSection(ProjectConfigurationPlatforms) = postSolution
		{2E0BFC17-084F-4A11-AEBB-16568A163216}.Debug|Any CPU.ActiveCfg = Debug|Any CPU
		{2E0BFC17-084F-4A11-AEBB-16568A163216}.Debug|Any CPU.Build.0 = Debug|Any CPU
		{2E0BFC17-084F-4A11-AEBB-16568A163216}.Release|Any CPU.ActiveCfg = Release|Any CPU
		{2E0BFC17-084F-4A11-AEBB-16568A163216}.Release|Any CPU.Build.0 = Release|Any CPU
		{592194E7-F10A-48F4-BF87-AE4E5C3E6F9A}.Debug|Any CPU.ActiveCfg = Debug|Any CPU
		{592194E7-F10A-48F4-BF87-AE4E5C3E6F9A}.Debug|Any CPU.Build.0 = Debug|Any CPU
		{592194E7-F10A-48F4-BF87-AE4E5C3E6F9A}.Release|Any CPU.ActiveCfg = Release|Any CPU
		{592194E7-F10A-48F4-BF87-AE4E5C3E6F9A}.Release|Any CPU.Build.0 = Release|Any CPU
		{F7B329C6-81E9-4AFE-8D99-5C516B30EBB6}.Debug|Any CPU.ActiveCfg = Debug|Any CPU
		{F7B329C6-81E9-4AFE-8D99-5C516B30EBB6}.Debug|Any CPU.Build.0 = Debug|Any CPU
		{F7B329C6-81E9-4AFE-8D99-5C516B30EBB6}.Release|Any CPU.ActiveCfg = Release|Any CPU
		{F7B329C6-81E9-4AFE-8D99-5C516B30EBB6}.Release|Any CPU.Build.0 = Release|Any CPU
		{935C20D8-E2A0-414A-8826-5FBD364B5738}.Debug|Any CPU.ActiveCfg = Debug|Any CPU
		{935C20D8-E2A0-414A-8826-5FBD364B5738}.Debug|Any CPU.Build.0 = Debug|Any CPU
		{935C20D8-E2A0-414A-8826-5FBD364B5738}.Release|Any CPU.ActiveCfg = Release|Any CPU
		{935C20D8-E2A0-414A-8826-5FBD364B5738}.Release|Any CPU.Build.0 = Release|Any CPU
		{B7FA04BD-5671-45E9-9666-031BAE9CE6F3}.Debug|Any CPU.ActiveCfg = Debug|Any CPU
		{B7FA04BD-5671-45E9-9666-031BAE9CE6F3}.Debug|Any CPU.Build.0 = Debug|Any CPU
		{B7FA04BD-5671-45E9-9666-031BAE9CE6F3}.Release|Any CPU.ActiveCfg = Release|Any CPU
		{B7FA04BD-5671-45E9-9666-031BAE9CE6F3}.Release|Any CPU.Build.0 = Release|Any CPU
		{CC4A813F-0177-47EE-A8A2-F58E16880543}.Debug|Any CPU.ActiveCfg = Debug|Any CPU
		{CC4A813F-0177-47EE-A8A2-F58E16880543}.Debug|Any CPU.Build.0 = Debug|Any CPU
		{CC4A813F-0177-47EE-A8A2-F58E16880543}.Release|Any CPU.ActiveCfg = Release|Any CPU
		{CC4A813F-0177-47EE-A8A2-F58E16880543}.Release|Any CPU.Build.0 = Release|Any CPU
		{1AFE5F62-C348-4268-AFCE-CF70D8811BFA}.Debug|Any CPU.ActiveCfg = Debug|Any CPU
		{1AFE5F62-C348-4268-AFCE-CF70D8811BFA}.Debug|Any CPU.Build.0 = Debug|Any CPU
		{1AFE5F62-C348-4268-AFCE-CF70D8811BFA}.Release|Any CPU.ActiveCfg = Release|Any CPU
		{1AFE5F62-C348-4268-AFCE-CF70D8811BFA}.Release|Any CPU.Build.0 = Release|Any CPU
		{EE8AA736-81C2-4C22-8055-2A34BF87B9A9}.Debug|Any CPU.ActiveCfg = Debug|Any CPU
		{EE8AA736-81C2-4C22-8055-2A34BF87B9A9}.Debug|Any CPU.Build.0 = Debug|Any CPU
		{EE8AA736-81C2-4C22-8055-2A34BF87B9A9}.Release|Any CPU.ActiveCfg = Release|Any CPU
		{EE8AA736-81C2-4C22-8055-2A34BF87B9A9}.Release|Any CPU.Build.0 = Release|Any CPU
		{29561070-203A-4C96-9997-739C1ECFD942}.Debug|Any CPU.ActiveCfg = Debug|Any CPU
		{29561070-203A-4C96-9997-739C1ECFD942}.Debug|Any CPU.Build.0 = Debug|Any CPU
		{29561070-203A-4C96-9997-739C1ECFD942}.Release|Any CPU.ActiveCfg = Release|Any CPU
		{29561070-203A-4C96-9997-739C1ECFD942}.Release|Any CPU.Build.0 = Release|Any CPU
		{7957CDF4-1814-4B76-82EB-8E5763AB1A74}.Debug|Any CPU.ActiveCfg = Debug|Any CPU
		{7957CDF4-1814-4B76-82EB-8E5763AB1A74}.Debug|Any CPU.Build.0 = Debug|Any CPU
		{7957CDF4-1814-4B76-82EB-8E5763AB1A74}.Release|Any CPU.ActiveCfg = Release|Any CPU
		{7957CDF4-1814-4B76-82EB-8E5763AB1A74}.Release|Any CPU.Build.0 = Release|Any CPU
		{05B912E6-80EE-4918-A3B0-3DED3551D392}.Debug|Any CPU.ActiveCfg = Debug|Any CPU
		{05B912E6-80EE-4918-A3B0-3DED3551D392}.Debug|Any CPU.Build.0 = Debug|Any CPU
		{05B912E6-80EE-4918-A3B0-3DED3551D392}.Release|Any CPU.ActiveCfg = Release|Any CPU
		{05B912E6-80EE-4918-A3B0-3DED3551D392}.Release|Any CPU.Build.0 = Release|Any CPU
		{07262C29-65FC-4694-86D1-FF3A373BC6C5}.Debug|Any CPU.ActiveCfg = Debug|Any CPU
		{07262C29-65FC-4694-86D1-FF3A373BC6C5}.Debug|Any CPU.Build.0 = Debug|Any CPU
		{07262C29-65FC-4694-86D1-FF3A373BC6C5}.Release|Any CPU.ActiveCfg = Release|Any CPU
		{07262C29-65FC-4694-86D1-FF3A373BC6C5}.Release|Any CPU.Build.0 = Release|Any CPU
		{7DDC778C-A8BF-44A6-A9BA-91B8D06A410E}.Debug|Any CPU.ActiveCfg = Debug|Any CPU
		{7DDC778C-A8BF-44A6-A9BA-91B8D06A410E}.Debug|Any CPU.Build.0 = Debug|Any CPU
		{7DDC778C-A8BF-44A6-A9BA-91B8D06A410E}.Release|Any CPU.ActiveCfg = Release|Any CPU
		{7DDC778C-A8BF-44A6-A9BA-91B8D06A410E}.Release|Any CPU.Build.0 = Release|Any CPU
		{44CC8202-339A-415D-B282-CF191C4177DE}.Debug|Any CPU.ActiveCfg = Debug|Any CPU
		{44CC8202-339A-415D-B282-CF191C4177DE}.Debug|Any CPU.Build.0 = Debug|Any CPU
		{44CC8202-339A-415D-B282-CF191C4177DE}.Release|Any CPU.ActiveCfg = Release|Any CPU
		{44CC8202-339A-415D-B282-CF191C4177DE}.Release|Any CPU.Build.0 = Release|Any CPU
		{598881E2-53AC-4A7D-B70A-7719785276E6}.Debug|Any CPU.ActiveCfg = Debug|Any CPU
		{598881E2-53AC-4A7D-B70A-7719785276E6}.Debug|Any CPU.Build.0 = Debug|Any CPU
		{598881E2-53AC-4A7D-B70A-7719785276E6}.Release|Any CPU.ActiveCfg = Release|Any CPU
		{598881E2-53AC-4A7D-B70A-7719785276E6}.Release|Any CPU.Build.0 = Release|Any CPU
		{74D4DA6F-20EE-4465-B4F8-C9B73056DF16}.Debug|Any CPU.ActiveCfg = Debug|Any CPU
		{74D4DA6F-20EE-4465-B4F8-C9B73056DF16}.Debug|Any CPU.Build.0 = Debug|Any CPU
		{74D4DA6F-20EE-4465-B4F8-C9B73056DF16}.Release|Any CPU.ActiveCfg = Release|Any CPU
		{74D4DA6F-20EE-4465-B4F8-C9B73056DF16}.Release|Any CPU.Build.0 = Release|Any CPU
		{F830D8AF-C128-4AB6-A450-165D827ADA8F}.Debug|Any CPU.ActiveCfg = Debug|Any CPU
		{F830D8AF-C128-4AB6-A450-165D827ADA8F}.Debug|Any CPU.Build.0 = Debug|Any CPU
		{F830D8AF-C128-4AB6-A450-165D827ADA8F}.Release|Any CPU.ActiveCfg = Release|Any CPU
		{F830D8AF-C128-4AB6-A450-165D827ADA8F}.Release|Any CPU.Build.0 = Release|Any CPU
		{8C0904C1-551A-4E81-A086-5A0692F1B507}.Debug|Any CPU.ActiveCfg = Debug|Any CPU
		{8C0904C1-551A-4E81-A086-5A0692F1B507}.Debug|Any CPU.Build.0 = Debug|Any CPU
		{8C0904C1-551A-4E81-A086-5A0692F1B507}.Release|Any CPU.ActiveCfg = Release|Any CPU
		{8C0904C1-551A-4E81-A086-5A0692F1B507}.Release|Any CPU.Build.0 = Release|Any CPU
		{1ED85BD3-4807-4CAE-9517-E72CDDED2791}.Debug|Any CPU.ActiveCfg = Debug|Any CPU
		{1ED85BD3-4807-4CAE-9517-E72CDDED2791}.Debug|Any CPU.Build.0 = Debug|Any CPU
		{1ED85BD3-4807-4CAE-9517-E72CDDED2791}.Release|Any CPU.ActiveCfg = Release|Any CPU
		{1ED85BD3-4807-4CAE-9517-E72CDDED2791}.Release|Any CPU.Build.0 = Release|Any CPU
	EndGlobalSection
	GlobalSection(SolutionProperties) = preSolution
		HideSolutionNode = FALSE
	EndGlobalSection
	GlobalSection(NestedProjects) = preSolution
		{2E0BFC17-084F-4A11-AEBB-16568A163216} = {83574E44-EBA5-4331-8278-A2A5D249EC62}
		{592194E7-F10A-48F4-BF87-AE4E5C3E6F9A} = {83574E44-EBA5-4331-8278-A2A5D249EC62}
		{F7B329C6-81E9-4AFE-8D99-5C516B30EBB6} = {83574E44-EBA5-4331-8278-A2A5D249EC62}
		{935C20D8-E2A0-414A-8826-5FBD364B5738} = {83574E44-EBA5-4331-8278-A2A5D249EC62}
		{B7FA04BD-5671-45E9-9666-031BAE9CE6F3} = {93ECB70A-189A-4D04-BAC4-6FD40F903AD9}
		{CC4A813F-0177-47EE-A8A2-F58E16880543} = {93ECB70A-189A-4D04-BAC4-6FD40F903AD9}
		{1AFE5F62-C348-4268-AFCE-CF70D8811BFA} = {93ECB70A-189A-4D04-BAC4-6FD40F903AD9}
		{EE8AA736-81C2-4C22-8055-2A34BF87B9A9} = {93ECB70A-189A-4D04-BAC4-6FD40F903AD9}
		{29561070-203A-4C96-9997-739C1ECFD942} = {D415E681-5155-4823-8C8F-BF4E22B0C12D}
		{7957CDF4-1814-4B76-82EB-8E5763AB1A74} = {9110FD3C-D341-492E-B436-2F48D7A64C3A}
		{05B912E6-80EE-4918-A3B0-3DED3551D392} = {9110FD3C-D341-492E-B436-2F48D7A64C3A}
		{07262C29-65FC-4694-86D1-FF3A373BC6C5} = {9110FD3C-D341-492E-B436-2F48D7A64C3A}
		{7DDC778C-A8BF-44A6-A9BA-91B8D06A410E} = {9110FD3C-D341-492E-B436-2F48D7A64C3A}
		{44CC8202-339A-415D-B282-CF191C4177DE} = {9110FD3C-D341-492E-B436-2F48D7A64C3A}
		{598881E2-53AC-4A7D-B70A-7719785276E6} = {08C4F053-8747-4010-B7CE-8E6738F8D391}
		{74D4DA6F-20EE-4465-B4F8-C9B73056DF16} = {08C4F053-8747-4010-B7CE-8E6738F8D391}
		{F830D8AF-C128-4AB6-A450-165D827ADA8F} = {08C4F053-8747-4010-B7CE-8E6738F8D391}
		{8C0904C1-551A-4E81-A086-5A0692F1B507} = {08C4F053-8747-4010-B7CE-8E6738F8D391}
		{1ED85BD3-4807-4CAE-9517-E72CDDED2791} = {08C4F053-8747-4010-B7CE-8E6738F8D391}
	EndGlobalSection
	GlobalSection(ExtensibilityGlobals) = postSolution
		SolutionGuid = {E036F271-05C4-4A14-BE56-DBCBAD24B329}
	EndGlobalSection
EndGlobal
